// !$*UTF8*$!
{
	archiveVersion = 1;
	classes = {
	};
	objectVersion = 55;
	objects = {

/* Begin PBXBuildFile section */
		AE54E5812833CF9F00F9367A /* UsersUIComposer.swift in Sources */ = {isa = PBXBuildFile; fileRef = AE54E5802833CF9F00F9367A /* UsersUIComposer.swift */; };
		AE54E5832833D1B600F9367A /* UsersPresenter.swift in Sources */ = {isa = PBXBuildFile; fileRef = AE54E5822833D1B600F9367A /* UsersPresenter.swift */; };
		AE54E5852833D23700F9367A /* UserViewModel.swift in Sources */ = {isa = PBXBuildFile; fileRef = AE54E5842833D23700F9367A /* UserViewModel.swift */; };
		AEC75C342833AD5700F0A7CF /* AppDelegate.swift in Sources */ = {isa = PBXBuildFile; fileRef = AEC75C332833AD5700F0A7CF /* AppDelegate.swift */; };
		AEC75C362833AD5700F0A7CF /* SceneDelegate.swift in Sources */ = {isa = PBXBuildFile; fileRef = AEC75C352833AD5700F0A7CF /* SceneDelegate.swift */; };
		AEC75C3D2833AD5900F0A7CF /* Assets.xcassets in Resources */ = {isa = PBXBuildFile; fileRef = AEC75C3C2833AD5900F0A7CF /* Assets.xcassets */; };
		AEC75C402833AD5900F0A7CF /* LaunchScreen.storyboard in Resources */ = {isa = PBXBuildFile; fileRef = AEC75C3E2833AD5900F0A7CF /* LaunchScreen.storyboard */; };
		AEC75C4B2833AE4400F0A7CF /* UsersVC.swift in Sources */ = {isa = PBXBuildFile; fileRef = AEC75C492833AE4400F0A7CF /* UsersVC.swift */; };
		AEC75C4C2833AE4400F0A7CF /* UsersVC.xib in Resources */ = {isa = PBXBuildFile; fileRef = AEC75C4A2833AE4400F0A7CF /* UsersVC.xib */; };
		AEC75C502833BD6B00F0A7CF /* UserCell.swift in Sources */ = {isa = PBXBuildFile; fileRef = AEC75C4E2833BD6B00F0A7CF /* UserCell.swift */; };
		AEC75C512833BD6B00F0A7CF /* UserCell.xib in Resources */ = {isa = PBXBuildFile; fileRef = AEC75C4F2833BD6B00F0A7CF /* UserCell.xib */; };
/* End PBXBuildFile section */

/* Begin PBXFileReference section */
		AE54E5802833CF9F00F9367A /* UsersUIComposer.swift */ = {isa = PBXFileReference; lastKnownFileType = sourcecode.swift; path = UsersUIComposer.swift; sourceTree = "<group>"; };
		AE54E5822833D1B600F9367A /* UsersPresenter.swift */ = {isa = PBXFileReference; lastKnownFileType = sourcecode.swift; path = UsersPresenter.swift; sourceTree = "<group>"; };
		AE54E5842833D23700F9367A /* UserViewModel.swift */ = {isa = PBXFileReference; lastKnownFileType = sourcecode.swift; path = UserViewModel.swift; sourceTree = "<group>"; };
		AEC75C302833AD5700F0A7CF /* MAExam.app */ = {isa = PBXFileReference; explicitFileType = wrapper.application; includeInIndex = 0; path = MAExam.app; sourceTree = BUILT_PRODUCTS_DIR; };
		AEC75C332833AD5700F0A7CF /* AppDelegate.swift */ = {isa = PBXFileReference; lastKnownFileType = sourcecode.swift; path = AppDelegate.swift; sourceTree = "<group>"; };
		AEC75C352833AD5700F0A7CF /* SceneDelegate.swift */ = {isa = PBXFileReference; lastKnownFileType = sourcecode.swift; path = SceneDelegate.swift; sourceTree = "<group>"; };
		AEC75C3C2833AD5900F0A7CF /* Assets.xcassets */ = {isa = PBXFileReference; lastKnownFileType = folder.assetcatalog; path = Assets.xcassets; sourceTree = "<group>"; };
		AEC75C3F2833AD5900F0A7CF /* Base */ = {isa = PBXFileReference; lastKnownFileType = file.storyboard; name = Base; path = Base.lproj/LaunchScreen.storyboard; sourceTree = "<group>"; };
		AEC75C412833AD5900F0A7CF /* Info.plist */ = {isa = PBXFileReference; lastKnownFileType = text.plist.xml; path = Info.plist; sourceTree = "<group>"; };
		AEC75C492833AE4400F0A7CF /* UsersVC.swift */ = {isa = PBXFileReference; lastKnownFileType = sourcecode.swift; path = UsersVC.swift; sourceTree = "<group>"; };
		AEC75C4A2833AE4400F0A7CF /* UsersVC.xib */ = {isa = PBXFileReference; lastKnownFileType = file.xib; path = UsersVC.xib; sourceTree = "<group>"; };
		AEC75C4E2833BD6B00F0A7CF /* UserCell.swift */ = {isa = PBXFileReference; lastKnownFileType = sourcecode.swift; path = UserCell.swift; sourceTree = "<group>"; };
		AEC75C4F2833BD6B00F0A7CF /* UserCell.xib */ = {isa = PBXFileReference; lastKnownFileType = file.xib; path = UserCell.xib; sourceTree = "<group>"; };
/* End PBXFileReference section */

/* Begin PBXFrameworksBuildPhase section */
		AEC75C2D2833AD5700F0A7CF /* Frameworks */ = {
			isa = PBXFrameworksBuildPhase;
			buildActionMask = 2147483647;
			files = (
			);
			runOnlyForDeploymentPostprocessing = 0;
		};
/* End PBXFrameworksBuildPhase section */

/* Begin PBXGroup section */
		AE54E5862833D27B00F9367A /* UsersVC */ = {
			isa = PBXGroup;
			children = (
				AEC75C492833AE4400F0A7CF /* UsersVC.swift */,
				AEC75C4A2833AE4400F0A7CF /* UsersVC.xib */,
			);
			path = UsersVC;
			sourceTree = "<group>";
		};
		AE54E5872833D2A100F9367A /* UI */ = {
			isa = PBXGroup;
			children = (
				AE54E5862833D27B00F9367A /* UsersVC */,
				AEC75C4D2833BD2300F0A7CF /* UserCell */,
			);
			path = UI;
			sourceTree = "<group>";
		};
		AE54E5882833D2A900F9367A /* Presentation */ = {
			isa = PBXGroup;
			children = (
				AE54E5842833D23700F9367A /* UserViewModel.swift */,
				AE54E5822833D1B600F9367A /* UsersPresenter.swift */,
			);
			path = Presentation;
			sourceTree = "<group>";
		};
		AEC75C272833AD5700F0A7CF = {
			isa = PBXGroup;
			children = (
				AEC75C322833AD5700F0A7CF /* MAExam */,
				AEC75C312833AD5700F0A7CF /* Products */,
			);
			sourceTree = "<group>";
		};
		AEC75C312833AD5700F0A7CF /* Products */ = {
			isa = PBXGroup;
			children = (
				AEC75C302833AD5700F0A7CF /* MAExam.app */,
			);
			name = Products;
			sourceTree = "<group>";
		};
		AEC75C322833AD5700F0A7CF /* MAExam */ = {
			isa = PBXGroup;
			children = (
				AEC75C332833AD5700F0A7CF /* AppDelegate.swift */,
				AEC75C352833AD5700F0A7CF /* SceneDelegate.swift */,
				AEC75C482833AE3200F0A7CF /* Users Module */,
				AEC75C3C2833AD5900F0A7CF /* Assets.xcassets */,
				AEC75C3E2833AD5900F0A7CF /* LaunchScreen.storyboard */,
				AEC75C412833AD5900F0A7CF /* Info.plist */,
			);
			path = MAExam;
			sourceTree = "<group>";
		};
		AEC75C482833AE3200F0A7CF /* Users Module */ = {
			isa = PBXGroup;
			children = (
				AE54E5802833CF9F00F9367A /* UsersUIComposer.swift */,
				AE54E5882833D2A900F9367A /* Presentation */,
				AE54E5872833D2A100F9367A /* UI */,
			);
			path = "Users Module";
			sourceTree = "<group>";
		};
		AEC75C4D2833BD2300F0A7CF /* UserCell */ = {
			isa = PBXGroup;
			children = (
				AEC75C4E2833BD6B00F0A7CF /* UserCell.swift */,
				AEC75C4F2833BD6B00F0A7CF /* UserCell.xib */,
			);
			path = UserCell;
			sourceTree = "<group>";
		};
/* End PBXGroup section */

/* Begin PBXNativeTarget section */
		AEC75C2F2833AD5700F0A7CF /* MAExam */ = {
			isa = PBXNativeTarget;
			buildConfigurationList = AEC75C442833AD5900F0A7CF /* Build configuration list for PBXNativeTarget "MAExam" */;
			buildPhases = (
				AEC75C2C2833AD5700F0A7CF /* Sources */,
				AEC75C2D2833AD5700F0A7CF /* Frameworks */,
				AEC75C2E2833AD5700F0A7CF /* Resources */,
			);
			buildRules = (
			);
			dependencies = (
			);
			name = MAExam;
			productName = MAExam;
			productReference = AEC75C302833AD5700F0A7CF /* MAExam.app */;
			productType = "com.apple.product-type.application";
		};
/* End PBXNativeTarget section */

/* Begin PBXProject section */
		AEC75C282833AD5700F0A7CF /* Project object */ = {
			isa = PBXProject;
			attributes = {
				BuildIndependentTargetsInParallel = 1;
				LastSwiftUpdateCheck = 1330;
				LastUpgradeCheck = 1330;
				TargetAttributes = {
					AEC75C2F2833AD5700F0A7CF = {
						CreatedOnToolsVersion = 13.3.1;
					};
				};
			};
			buildConfigurationList = AEC75C2B2833AD5700F0A7CF /* Build configuration list for PBXProject "MAExam" */;
			compatibilityVersion = "Xcode 13.0";
			developmentRegion = en;
			hasScannedForEncodings = 0;
			knownRegions = (
				en,
				Base,
			);
			mainGroup = AEC75C272833AD5700F0A7CF;
			productRefGroup = AEC75C312833AD5700F0A7CF /* Products */;
			projectDirPath = "";
			projectRoot = "";
			targets = (
				AEC75C2F2833AD5700F0A7CF /* MAExam */,
			);
		};
/* End PBXProject section */

/* Begin PBXResourcesBuildPhase section */
		AEC75C2E2833AD5700F0A7CF /* Resources */ = {
			isa = PBXResourcesBuildPhase;
			buildActionMask = 2147483647;
			files = (
				AEC75C512833BD6B00F0A7CF /* UserCell.xib in Resources */,
				AEC75C402833AD5900F0A7CF /* LaunchScreen.storyboard in Resources */,
				AEC75C3D2833AD5900F0A7CF /* Assets.xcassets in Resources */,
				AEC75C4C2833AE4400F0A7CF /* UsersVC.xib in Resources */,
			);
			runOnlyForDeploymentPostprocessing = 0;
		};
/* End PBXResourcesBuildPhase section */

/* Begin PBXSourcesBuildPhase section */
		AEC75C2C2833AD5700F0A7CF /* Sources */ = {
			isa = PBXSourcesBuildPhase;
			buildActionMask = 2147483647;
			files = (
				AE54E5812833CF9F00F9367A /* UsersUIComposer.swift in Sources */,
				AEC75C502833BD6B00F0A7CF /* UserCell.swift in Sources */,
				AEC75C342833AD5700F0A7CF /* AppDelegate.swift in Sources */,
				AEC75C362833AD5700F0A7CF /* SceneDelegate.swift in Sources */,
				AEC75C4B2833AE4400F0A7CF /* UsersVC.swift in Sources */,
				AE54E5852833D23700F9367A /* UserViewModel.swift in Sources */,
				AE54E5832833D1B600F9367A /* UsersPresenter.swift in Sources */,
			);
			runOnlyForDeploymentPostprocessing = 0;
		};
/* End PBXSourcesBuildPhase section */

/* Begin PBXVariantGroup section */
		AEC75C3E2833AD5900F0A7CF /* LaunchScreen.storyboard */ = {
			isa = PBXVariantGroup;
			children = (
				AEC75C3F2833AD5900F0A7CF /* Base */,
			);
			name = LaunchScreen.storyboard;
			sourceTree = "<group>";
		};
/* End PBXVariantGroup section */

/* Begin XCBuildConfiguration section */
		AEC75C422833AD5900F0A7CF /* Debug */ = {
			isa = XCBuildConfiguration;
			buildSettings = {
				ALWAYS_SEARCH_USER_PATHS = NO;
				CLANG_ANALYZER_NONNULL = YES;
				CLANG_ANALYZER_NUMBER_OBJECT_CONVERSION = YES_AGGRESSIVE;
				CLANG_CXX_LANGUAGE_STANDARD = "gnu++17";
				CLANG_ENABLE_MODULES = YES;
				CLANG_ENABLE_OBJC_ARC = YES;
				CLANG_ENABLE_OBJC_WEAK = YES;
				CLANG_WARN_BLOCK_CAPTURE_AUTORELEASING = YES;
				CLANG_WARN_BOOL_CONVERSION = YES;
				CLANG_WARN_COMMA = YES;
				CLANG_WARN_CONSTANT_CONVERSION = YES;
				CLANG_WARN_DEPRECATED_OBJC_IMPLEMENTATIONS = YES;
				CLANG_WARN_DIRECT_OBJC_ISA_USAGE = YES_ERROR;
				CLANG_WARN_DOCUMENTATION_COMMENTS = YES;
				CLANG_WARN_EMPTY_BODY = YES;
				CLANG_WARN_ENUM_CONVERSION = YES;
				CLANG_WARN_INFINITE_RECURSION = YES;
				CLANG_WARN_INT_CONVERSION = YES;
				CLANG_WARN_NON_LITERAL_NULL_CONVERSION = YES;
				CLANG_WARN_OBJC_IMPLICIT_RETAIN_SELF = YES;
				CLANG_WARN_OBJC_LITERAL_CONVERSION = YES;
				CLANG_WARN_OBJC_ROOT_CLASS = YES_ERROR;
				CLANG_WARN_QUOTED_INCLUDE_IN_FRAMEWORK_HEADER = YES;
				CLANG_WARN_RANGE_LOOP_ANALYSIS = YES;
				CLANG_WARN_STRICT_PROTOTYPES = YES;
				CLANG_WARN_SUSPICIOUS_MOVE = YES;
				CLANG_WARN_UNGUARDED_AVAILABILITY = YES_AGGRESSIVE;
				CLANG_WARN_UNREACHABLE_CODE = YES;
				CLANG_WARN__DUPLICATE_METHOD_MATCH = YES;
				COPY_PHASE_STRIP = NO;
				DEBUG_INFORMATION_FORMAT = dwarf;
				ENABLE_STRICT_OBJC_MSGSEND = YES;
				ENABLE_TESTABILITY = YES;
				GCC_C_LANGUAGE_STANDARD = gnu11;
				GCC_DYNAMIC_NO_PIC = NO;
				GCC_NO_COMMON_BLOCKS = YES;
				GCC_OPTIMIZATION_LEVEL = 0;
				GCC_PREPROCESSOR_DEFINITIONS = (
					"DEBUG=1",
					"$(inherited)",
				);
				GCC_WARN_64_TO_32_BIT_CONVERSION = YES;
				GCC_WARN_ABOUT_RETURN_TYPE = YES_ERROR;
				GCC_WARN_UNDECLARED_SELECTOR = YES;
				GCC_WARN_UNINITIALIZED_AUTOS = YES_AGGRESSIVE;
				GCC_WARN_UNUSED_FUNCTION = YES;
				GCC_WARN_UNUSED_VARIABLE = YES;
				IPHONEOS_DEPLOYMENT_TARGET = 15.4;
				MTL_ENABLE_DEBUG_INFO = INCLUDE_SOURCE;
				MTL_FAST_MATH = YES;
				ONLY_ACTIVE_ARCH = YES;
				SDKROOT = iphoneos;
				SWIFT_ACTIVE_COMPILATION_CONDITIONS = DEBUG;
				SWIFT_OPTIMIZATION_LEVEL = "-Onone";
			};
			name = Debug;
		};
		AEC75C432833AD5900F0A7CF /* Release */ = {
			isa = XCBuildConfiguration;
			buildSettings = {
				ALWAYS_SEARCH_USER_PATHS = NO;
				CLANG_ANALYZER_NONNULL = YES;
				CLANG_ANALYZER_NUMBER_OBJECT_CONVERSION = YES_AGGRESSIVE;
				CLANG_CXX_LANGUAGE_STANDARD = "gnu++17";
				CLANG_ENABLE_MODULES = YES;
				CLANG_ENABLE_OBJC_ARC = YES;
				CLANG_ENABLE_OBJC_WEAK = YES;
				CLANG_WARN_BLOCK_CAPTURE_AUTORELEASING = YES;
				CLANG_WARN_BOOL_CONVERSION = YES;
				CLANG_WARN_COMMA = YES;
				CLANG_WARN_CONSTANT_CONVERSION = YES;
				CLANG_WARN_DEPRECATED_OBJC_IMPLEMENTATIONS = YES;
				CLANG_WARN_DIRECT_OBJC_ISA_USAGE = YES_ERROR;
				CLANG_WARN_DOCUMENTATION_COMMENTS = YES;
				CLANG_WARN_EMPTY_BODY = YES;
				CLANG_WARN_ENUM_CONVERSION = YES;
				CLANG_WARN_INFINITE_RECURSION = YES;
				CLANG_WARN_INT_CONVERSION = YES;
				CLANG_WARN_NON_LITERAL_NULL_CONVERSION = YES;
				CLANG_WARN_OBJC_IMPLICIT_RETAIN_SELF = YES;
				CLANG_WARN_OBJC_LITERAL_CONVERSION = YES;
				CLANG_WARN_OBJC_ROOT_CLASS = YES_ERROR;
				CLANG_WARN_QUOTED_INCLUDE_IN_FRAMEWORK_HEADER = YES;
				CLANG_WARN_RANGE_LOOP_ANALYSIS = YES;
				CLANG_WARN_STRICT_PROTOTYPES = YES;
				CLANG_WARN_SUSPICIOUS_MOVE = YES;
				CLANG_WARN_UNGUARDED_AVAILABILITY = YES_AGGRESSIVE;
				CLANG_WARN_UNREACHABLE_CODE = YES;
				CLANG_WARN__DUPLICATE_METHOD_MATCH = YES;
				COPY_PHASE_STRIP = NO;
				DEBUG_INFORMATION_FORMAT = "dwarf-with-dsym";
				ENABLE_NS_ASSERTIONS = NO;
				ENABLE_STRICT_OBJC_MSGSEND = YES;
				GCC_C_LANGUAGE_STANDARD = gnu11;
				GCC_NO_COMMON_BLOCKS = YES;
				GCC_WARN_64_TO_32_BIT_CONVERSION = YES;
				GCC_WARN_ABOUT_RETURN_TYPE = YES_ERROR;
				GCC_WARN_UNDECLARED_SELECTOR = YES;
				GCC_WARN_UNINITIALIZED_AUTOS = YES_AGGRESSIVE;
				GCC_WARN_UNUSED_FUNCTION = YES;
				GCC_WARN_UNUSED_VARIABLE = YES;
				IPHONEOS_DEPLOYMENT_TARGET = 15.4;
				MTL_ENABLE_DEBUG_INFO = NO;
				MTL_FAST_MATH = YES;
				SDKROOT = iphoneos;
				SWIFT_COMPILATION_MODE = wholemodule;
				SWIFT_OPTIMIZATION_LEVEL = "-O";
				VALIDATE_PRODUCT = YES;
			};
			name = Release;
		};
		AEC75C452833AD5900F0A7CF /* Debug */ = {
			isa = XCBuildConfiguration;
			buildSettings = {
				ASSETCATALOG_COMPILER_APPICON_NAME = AppIcon;
				ASSETCATALOG_COMPILER_GLOBAL_ACCENT_COLOR_NAME = AccentColor;
				CODE_SIGN_STYLE = Automatic;
				CURRENT_PROJECT_VERSION = 1;
				DEVELOPMENT_TEAM = TPDK6QQN6A;
				GENERATE_INFOPLIST_FILE = YES;
				INFOPLIST_FILE = MAExam/Info.plist;
				INFOPLIST_KEY_UIApplicationSupportsIndirectInputEvents = YES;
				INFOPLIST_KEY_UILaunchStoryboardName = LaunchScreen;
				INFOPLIST_KEY_UIMainStoryboardFile = "";
				INFOPLIST_KEY_UISupportedInterfaceOrientations_iPad = "UIInterfaceOrientationPortrait UIInterfaceOrientationPortraitUpsideDown UIInterfaceOrientationLandscapeLeft UIInterfaceOrientationLandscapeRight";
				INFOPLIST_KEY_UISupportedInterfaceOrientations_iPhone = "UIInterfaceOrientationPortrait UIInterfaceOrientationLandscapeLeft UIInterfaceOrientationLandscapeRight";
				LD_RUNPATH_SEARCH_PATHS = (
					"$(inherited)",
					"@executable_path/Frameworks",
				);
				MARKETING_VERSION = 1.0;
				PRODUCT_BUNDLE_IDENTIFIER = com.test.MAExam;
				PRODUCT_NAME = "$(TARGET_NAME)";
				SWIFT_EMIT_LOC_STRINGS = YES;
				SWIFT_VERSION = 5.0;
				TARGETED_DEVICE_FAMILY = "1,2";
			};
			name = Debug;
		};
		AEC75C462833AD5900F0A7CF /* Release */ = {
			isa = XCBuildConfiguration;
			buildSettings = {
				ASSETCATALOG_COMPILER_APPICON_NAME = AppIcon;
				ASSETCATALOG_COMPILER_GLOBAL_ACCENT_COLOR_NAME = AccentColor;
				CODE_SIGN_STYLE = Automatic;
				CURRENT_PROJECT_VERSION = 1;
				DEVELOPMENT_TEAM = TPDK6QQN6A;
				GENERATE_INFOPLIST_FILE = YES;
				INFOPLIST_FILE = MAExam/Info.plist;
				INFOPLIST_KEY_UIApplicationSupportsIndirectInputEvents = YES;
				INFOPLIST_KEY_UILaunchStoryboardName = LaunchScreen;
				INFOPLIST_KEY_UIMainStoryboardFile = "";
				INFOPLIST_KEY_UISupportedInterfaceOrientations_iPad = "UIInterfaceOrientationPortrait UIInterfaceOrientationPortraitUpsideDown UIInterfaceOrientationLandscapeLeft UIInterfaceOrientationLandscapeRight";
				INFOPLIST_KEY_UISupportedInterfaceOrientations_iPhone = "UIInterfaceOrientationPortrait UIInterfaceOrientationLandscapeLeft UIInterfaceOrientationLandscapeRight";
				LD_RUNPATH_SEARCH_PATHS = (
					"$(inherited)",
					"@executable_path/Frameworks",
				);
				MARKETING_VERSION = 1.0;
				PRODUCT_BUNDLE_IDENTIFIER = com.test.MAExam;
				PRODUCT_NAME = "$(TARGET_NAME)";
				SWIFT_EMIT_LOC_STRINGS = YES;
				SWIFT_VERSION = 5.0;
				TARGETED_DEVICE_FAMILY = "1,2";
			};
			name = Release;
		};
/* End XCBuildConfiguration section */

/* Begin XCConfigurationList section */
		AEC75C2B2833AD5700F0A7CF /* Build configuration list for PBXProject "MAExam" */ = {
			isa = XCConfigurationList;
			buildConfigurations = (
				AEC75C422833AD5900F0A7CF /* Debug */,
				AEC75C432833AD5900F0A7CF /* Release */,
			);
			defaultConfigurationIsVisible = 0;
			defaultConfigurationName = Release;
		};
		AEC75C442833AD5900F0A7CF /* Build configuration list for PBXNativeTarget "MAExam" */ = {
			isa = XCConfigurationList;
			buildConfigurations = (
				AEC75C452833AD5900F0A7CF /* Debug */,
				AEC75C462833AD5900F0A7CF /* Release */,
			);
			defaultConfigurationIsVisible = 0;
			defaultConfigurationName = Release;
		};
/* End XCConfigurationList section */
	};
	rootObject = AEC75C282833AD5700F0A7CF /* Project object */;
}
