// !$*UTF8*$!
{
	archiveVersion = 1;
	classes = {
	};
	objectVersion = 55;
	objects = {

/* Begin PBXBuildFile section */
		AE0AF58028344E870081871B /* LocalUsersInteractor.swift in Sources */ = {isa = PBXBuildFile; fileRef = AE0AF57F28344E870081871B /* LocalUsersInteractor.swift */; };
		AE0AF5832834597A0081871B /* NSCacheStore.swift in Sources */ = {isa = PBXBuildFile; fileRef = AE0AF5822834597A0081871B /* NSCacheStore.swift */; };
		AE0AF585283465C80081871B /* LocalUsersInteractor+Helpers.swift in Sources */ = {isa = PBXBuildFile; fileRef = AE0AF584283465C80081871B /* LocalUsersInteractor+Helpers.swift */; };
		AE0AF588283466D90081871B /* LocalTasksInteractor.swift in Sources */ = {isa = PBXBuildFile; fileRef = AE0AF587283466D90081871B /* LocalTasksInteractor.swift */; };
		AE0AF58A283467190081871B /* LocalTasksInteractor+Helpers.swift in Sources */ = {isa = PBXBuildFile; fileRef = AE0AF589283467190081871B /* LocalTasksInteractor+Helpers.swift */; };
		AE0AF58D2834674A0081871B /* CacheStore.swift in Sources */ = {isa = PBXBuildFile; fileRef = AE0AF58C2834674A0081871B /* CacheStore.swift */; };
		AE0AF595283533C60081871B /* AcceptanceTests.swift in Sources */ = {isa = PBXBuildFile; fileRef = AE0AF594283533C60081871B /* AcceptanceTests.swift */; };
		AE0AF59D283536B10081871B /* HTTPClientStub.swift in Sources */ = {isa = PBXBuildFile; fileRef = AE0AF59C283536B10081871B /* HTTPClientStub.swift */; };
		AE0AF59F2835378E0081871B /* CacheStoreStub.swift in Sources */ = {isa = PBXBuildFile; fileRef = AE0AF59E2835378E0081871B /* CacheStoreStub.swift */; };
		AE54E5812833CF9F00F9367A /* UsersUIComposer.swift in Sources */ = {isa = PBXBuildFile; fileRef = AE54E5802833CF9F00F9367A /* UsersUIComposer.swift */; };
		AE54E5832833D1B600F9367A /* UsersPresenter.swift in Sources */ = {isa = PBXBuildFile; fileRef = AE54E5822833D1B600F9367A /* UsersPresenter.swift */; };
		AE54E5852833D23700F9367A /* UserItem.swift in Sources */ = {isa = PBXBuildFile; fileRef = AE54E5842833D23700F9367A /* UserItem.swift */; };
		AE54E58B2833D4F200F9367A /* RemoteUsersInteractor.swift in Sources */ = {isa = PBXBuildFile; fileRef = AE54E58A2833D4F200F9367A /* RemoteUsersInteractor.swift */; };
		AE54E58F2833DDDC00F9367A /* UIViewController+Helpers.swift in Sources */ = {isa = PBXBuildFile; fileRef = AE54E58E2833DDDC00F9367A /* UIViewController+Helpers.swift */; };
		AE54E5922833DF8D00F9367A /* URLSessionHTTPClient.swift in Sources */ = {isa = PBXBuildFile; fileRef = AE54E5912833DF8D00F9367A /* URLSessionHTTPClient.swift */; };
		AE54E5972833EA8700F9367A /* HTTPClient.swift in Sources */ = {isa = PBXBuildFile; fileRef = AE54E5962833EA8700F9367A /* HTTPClient.swift */; };
		AEA0DEA728340A1B00BF6016 /* UsersInteractor.swift in Sources */ = {isa = PBXBuildFile; fileRef = AEA0DEA628340A1B00BF6016 /* UsersInteractor.swift */; };
		AEA0DEAA28340BCE00BF6016 /* ResponseHanlders.swift in Sources */ = {isa = PBXBuildFile; fileRef = AEA0DEA928340BCE00BF6016 /* ResponseHanlders.swift */; };
		AEA0DEB02834177600BF6016 /* TaskItem.swift in Sources */ = {isa = PBXBuildFile; fileRef = AEA0DEAF2834177600BF6016 /* TaskItem.swift */; };
		AEA0DEB2283417D900BF6016 /* TasksInteractor.swift in Sources */ = {isa = PBXBuildFile; fileRef = AEA0DEB1283417D900BF6016 /* TasksInteractor.swift */; };
		AEA0DEB52834181C00BF6016 /* RemoteTasksInteractor.swift in Sources */ = {isa = PBXBuildFile; fileRef = AEA0DEB42834181C00BF6016 /* RemoteTasksInteractor.swift */; };
		AEA0DEB82834191100BF6016 /* TasksPresenter.swift in Sources */ = {isa = PBXBuildFile; fileRef = AEA0DEB72834191100BF6016 /* TasksPresenter.swift */; };
		AEA0DEBD283419AF00BF6016 /* TasksVC.swift in Sources */ = {isa = PBXBuildFile; fileRef = AEA0DEBB283419AF00BF6016 /* TasksVC.swift */; };
		AEA0DEBE283419AF00BF6016 /* TasksVC.xib in Resources */ = {isa = PBXBuildFile; fileRef = AEA0DEBC283419AF00BF6016 /* TasksVC.xib */; };
		AEA0DEC228341B6200BF6016 /* TaskCell.swift in Sources */ = {isa = PBXBuildFile; fileRef = AEA0DEC028341B6200BF6016 /* TaskCell.swift */; };
		AEA0DEC328341B6200BF6016 /* TaskCell.xib in Resources */ = {isa = PBXBuildFile; fileRef = AEA0DEC128341B6200BF6016 /* TaskCell.xib */; };
		AEA0DEC528341FEF00BF6016 /* TasksUIComposer.swift in Sources */ = {isa = PBXBuildFile; fileRef = AEA0DEC428341FEF00BF6016 /* TasksUIComposer.swift */; };
		AEC75C342833AD5700F0A7CF /* AppDelegate.swift in Sources */ = {isa = PBXBuildFile; fileRef = AEC75C332833AD5700F0A7CF /* AppDelegate.swift */; };
		AEC75C362833AD5700F0A7CF /* SceneDelegate.swift in Sources */ = {isa = PBXBuildFile; fileRef = AEC75C352833AD5700F0A7CF /* SceneDelegate.swift */; };
		AEC75C3D2833AD5900F0A7CF /* Assets.xcassets in Resources */ = {isa = PBXBuildFile; fileRef = AEC75C3C2833AD5900F0A7CF /* Assets.xcassets */; };
		AEC75C402833AD5900F0A7CF /* LaunchScreen.storyboard in Resources */ = {isa = PBXBuildFile; fileRef = AEC75C3E2833AD5900F0A7CF /* LaunchScreen.storyboard */; };
		AEC75C4B2833AE4400F0A7CF /* UsersVC.swift in Sources */ = {isa = PBXBuildFile; fileRef = AEC75C492833AE4400F0A7CF /* UsersVC.swift */; };
		AEC75C4C2833AE4400F0A7CF /* UsersVC.xib in Resources */ = {isa = PBXBuildFile; fileRef = AEC75C4A2833AE4400F0A7CF /* UsersVC.xib */; };
		AEC75C502833BD6B00F0A7CF /* UserCell.swift in Sources */ = {isa = PBXBuildFile; fileRef = AEC75C4E2833BD6B00F0A7CF /* UserCell.swift */; };
		AEC75C512833BD6B00F0A7CF /* UserCell.xib in Resources */ = {isa = PBXBuildFile; fileRef = AEC75C4F2833BD6B00F0A7CF /* UserCell.xib */; };
/* End PBXBuildFile section */

/* Begin PBXContainerItemProxy section */
		AE0AF596283533C60081871B /* PBXContainerItemProxy */ = {
			isa = PBXContainerItemProxy;
			containerPortal = AEC75C282833AD5700F0A7CF /* Project object */;
			proxyType = 1;
			remoteGlobalIDString = AEC75C2F2833AD5700F0A7CF;
			remoteInfo = MAExam;
		};
/* End PBXContainerItemProxy section */

/* Begin PBXFileReference section */
		AE0AF57F28344E870081871B /* LocalUsersInteractor.swift */ = {isa = PBXFileReference; lastKnownFileType = sourcecode.swift; path = LocalUsersInteractor.swift; sourceTree = "<group>"; };
		AE0AF5822834597A0081871B /* NSCacheStore.swift */ = {isa = PBXFileReference; lastKnownFileType = sourcecode.swift; path = NSCacheStore.swift; sourceTree = "<group>"; };
		AE0AF584283465C80081871B /* LocalUsersInteractor+Helpers.swift */ = {isa = PBXFileReference; lastKnownFileType = sourcecode.swift; path = "LocalUsersInteractor+Helpers.swift"; sourceTree = "<group>"; };
		AE0AF587283466D90081871B /* LocalTasksInteractor.swift */ = {isa = PBXFileReference; lastKnownFileType = sourcecode.swift; path = LocalTasksInteractor.swift; sourceTree = "<group>"; };
		AE0AF589283467190081871B /* LocalTasksInteractor+Helpers.swift */ = {isa = PBXFileReference; lastKnownFileType = sourcecode.swift; path = "LocalTasksInteractor+Helpers.swift"; sourceTree = "<group>"; };
		AE0AF58C2834674A0081871B /* CacheStore.swift */ = {isa = PBXFileReference; lastKnownFileType = sourcecode.swift; path = CacheStore.swift; sourceTree = "<group>"; };
		AE0AF592283533C60081871B /* AcceptanceTests.xctest */ = {isa = PBXFileReference; explicitFileType = wrapper.cfbundle; includeInIndex = 0; path = AcceptanceTests.xctest; sourceTree = BUILT_PRODUCTS_DIR; };
		AE0AF594283533C60081871B /* AcceptanceTests.swift */ = {isa = PBXFileReference; lastKnownFileType = sourcecode.swift; path = AcceptanceTests.swift; sourceTree = "<group>"; };
		AE0AF59C283536B10081871B /* HTTPClientStub.swift */ = {isa = PBXFileReference; lastKnownFileType = sourcecode.swift; path = HTTPClientStub.swift; sourceTree = "<group>"; };
		AE0AF59E2835378E0081871B /* CacheStoreStub.swift */ = {isa = PBXFileReference; lastKnownFileType = sourcecode.swift; path = CacheStoreStub.swift; sourceTree = "<group>"; };
		AE54E5802833CF9F00F9367A /* UsersUIComposer.swift */ = {isa = PBXFileReference; lastKnownFileType = sourcecode.swift; path = UsersUIComposer.swift; sourceTree = "<group>"; };
		AE54E5822833D1B600F9367A /* UsersPresenter.swift */ = {isa = PBXFileReference; lastKnownFileType = sourcecode.swift; path = UsersPresenter.swift; sourceTree = "<group>"; };
		AE54E5842833D23700F9367A /* UserItem.swift */ = {isa = PBXFileReference; lastKnownFileType = sourcecode.swift; path = UserItem.swift; sourceTree = "<group>"; };
		AE54E58A2833D4F200F9367A /* RemoteUsersInteractor.swift */ = {isa = PBXFileReference; lastKnownFileType = sourcecode.swift; path = RemoteUsersInteractor.swift; sourceTree = "<group>"; };
		AE54E58E2833DDDC00F9367A /* UIViewController+Helpers.swift */ = {isa = PBXFileReference; lastKnownFileType = sourcecode.swift; path = "UIViewController+Helpers.swift"; sourceTree = "<group>"; };
		AE54E5912833DF8D00F9367A /* URLSessionHTTPClient.swift */ = {isa = PBXFileReference; lastKnownFileType = sourcecode.swift; path = URLSessionHTTPClient.swift; sourceTree = "<group>"; };
		AE54E5962833EA8700F9367A /* HTTPClient.swift */ = {isa = PBXFileReference; lastKnownFileType = sourcecode.swift; path = HTTPClient.swift; sourceTree = "<group>"; };
		AEA0DEA628340A1B00BF6016 /* UsersInteractor.swift */ = {isa = PBXFileReference; lastKnownFileType = sourcecode.swift; path = UsersInteractor.swift; sourceTree = "<group>"; };
		AEA0DEA928340BCE00BF6016 /* ResponseHanlders.swift */ = {isa = PBXFileReference; lastKnownFileType = sourcecode.swift; path = ResponseHanlders.swift; sourceTree = "<group>"; };
		AEA0DEAF2834177600BF6016 /* TaskItem.swift */ = {isa = PBXFileReference; lastKnownFileType = sourcecode.swift; path = TaskItem.swift; sourceTree = "<group>"; };
		AEA0DEB1283417D900BF6016 /* TasksInteractor.swift */ = {isa = PBXFileReference; lastKnownFileType = sourcecode.swift; path = TasksInteractor.swift; sourceTree = "<group>"; };
		AEA0DEB42834181C00BF6016 /* RemoteTasksInteractor.swift */ = {isa = PBXFileReference; lastKnownFileType = sourcecode.swift; path = RemoteTasksInteractor.swift; sourceTree = "<group>"; };
		AEA0DEB72834191100BF6016 /* TasksPresenter.swift */ = {isa = PBXFileReference; lastKnownFileType = sourcecode.swift; path = TasksPresenter.swift; sourceTree = "<group>"; };
		AEA0DEBB283419AF00BF6016 /* TasksVC.swift */ = {isa = PBXFileReference; lastKnownFileType = sourcecode.swift; path = TasksVC.swift; sourceTree = "<group>"; };
		AEA0DEBC283419AF00BF6016 /* TasksVC.xib */ = {isa = PBXFileReference; lastKnownFileType = file.xib; path = TasksVC.xib; sourceTree = "<group>"; };
		AEA0DEC028341B6200BF6016 /* TaskCell.swift */ = {isa = PBXFileReference; lastKnownFileType = sourcecode.swift; path = TaskCell.swift; sourceTree = "<group>"; };
		AEA0DEC128341B6200BF6016 /* TaskCell.xib */ = {isa = PBXFileReference; lastKnownFileType = file.xib; path = TaskCell.xib; sourceTree = "<group>"; };
		AEA0DEC428341FEF00BF6016 /* TasksUIComposer.swift */ = {isa = PBXFileReference; lastKnownFileType = sourcecode.swift; path = TasksUIComposer.swift; sourceTree = "<group>"; };
		AEC75C302833AD5700F0A7CF /* MAExam.app */ = {isa = PBXFileReference; explicitFileType = wrapper.application; includeInIndex = 0; path = MAExam.app; sourceTree = BUILT_PRODUCTS_DIR; };
		AEC75C332833AD5700F0A7CF /* AppDelegate.swift */ = {isa = PBXFileReference; lastKnownFileType = sourcecode.swift; path = AppDelegate.swift; sourceTree = "<group>"; };
		AEC75C352833AD5700F0A7CF /* SceneDelegate.swift */ = {isa = PBXFileReference; lastKnownFileType = sourcecode.swift; path = SceneDelegate.swift; sourceTree = "<group>"; };
		AEC75C3C2833AD5900F0A7CF /* Assets.xcassets */ = {isa = PBXFileReference; lastKnownFileType = folder.assetcatalog; path = Assets.xcassets; sourceTree = "<group>"; };
		AEC75C3F2833AD5900F0A7CF /* Base */ = {isa = PBXFileReference; lastKnownFileType = file.storyboard; name = Base; path = Base.lproj/LaunchScreen.storyboard; sourceTree = "<group>"; };
		AEC75C412833AD5900F0A7CF /* Info.plist */ = {isa = PBXFileReference; lastKnownFileType = text.plist.xml; path = Info.plist; sourceTree = "<group>"; };
		AEC75C492833AE4400F0A7CF /* UsersVC.swift */ = {isa = PBXFileReference; lastKnownFileType = sourcecode.swift; path = UsersVC.swift; sourceTree = "<group>"; };
		AEC75C4A2833AE4400F0A7CF /* UsersVC.xib */ = {isa = PBXFileReference; lastKnownFileType = file.xib; path = UsersVC.xib; sourceTree = "<group>"; };
		AEC75C4E2833BD6B00F0A7CF /* UserCell.swift */ = {isa = PBXFileReference; lastKnownFileType = sourcecode.swift; path = UserCell.swift; sourceTree = "<group>"; };
		AEC75C4F2833BD6B00F0A7CF /* UserCell.xib */ = {isa = PBXFileReference; lastKnownFileType = file.xib; path = UserCell.xib; sourceTree = "<group>"; };
/* End PBXFileReference section */

/* Begin PBXFrameworksBuildPhase section */
		AE0AF58F283533C60081871B /* Frameworks */ = {
			isa = PBXFrameworksBuildPhase;
			buildActionMask = 2147483647;
			files = (
			);
			runOnlyForDeploymentPostprocessing = 0;
		};
		AEC75C2D2833AD5700F0A7CF /* Frameworks */ = {
			isa = PBXFrameworksBuildPhase;
			buildActionMask = 2147483647;
			files = (
			);
			runOnlyForDeploymentPostprocessing = 0;
		};
/* End PBXFrameworksBuildPhase section */

/* Begin PBXGroup section */
		AE0AF57E28344D250081871B /* Cache */ = {
			isa = PBXGroup;
			children = (
				AE0AF57F28344E870081871B /* LocalUsersInteractor.swift */,
				AE0AF584283465C80081871B /* LocalUsersInteractor+Helpers.swift */,
			);
			path = Cache;
			sourceTree = "<group>";
		};
		AE0AF5812834595E0081871B /* Cache Infra */ = {
			isa = PBXGroup;
			children = (
				AE0AF5822834597A0081871B /* NSCacheStore.swift */,
			);
			path = "Cache Infra";
			sourceTree = "<group>";
		};
		AE0AF586283466CA0081871B /* Cache */ = {
			isa = PBXGroup;
			children = (
				AE0AF587283466D90081871B /* LocalTasksInteractor.swift */,
				AE0AF589283467190081871B /* LocalTasksInteractor+Helpers.swift */,
			);
			path = Cache;
			sourceTree = "<group>";
		};
		AE0AF58B2834673D0081871B /* Cache */ = {
			isa = PBXGroup;
			children = (
				AE0AF58C2834674A0081871B /* CacheStore.swift */,
			);
			path = Cache;
			sourceTree = "<group>";
		};
		AE0AF593283533C60081871B /* AcceptanceTests */ = {
			isa = PBXGroup;
			children = (
				AE0AF59B2835369C0081871B /* Helpers */,
				AE0AF594283533C60081871B /* AcceptanceTests.swift */,
			);
			path = AcceptanceTests;
			sourceTree = "<group>";
		};
		AE0AF59B2835369C0081871B /* Helpers */ = {
			isa = PBXGroup;
			children = (
				AE0AF59C283536B10081871B /* HTTPClientStub.swift */,
				AE0AF59E2835378E0081871B /* CacheStoreStub.swift */,
			);
			path = Helpers;
			sourceTree = "<group>";
		};
		AE54E5862833D27B00F9367A /* UsersVC */ = {
			isa = PBXGroup;
			children = (
				AEC75C492833AE4400F0A7CF /* UsersVC.swift */,
				AEC75C4A2833AE4400F0A7CF /* UsersVC.xib */,
			);
			path = UsersVC;
			sourceTree = "<group>";
		};
		AE54E5872833D2A100F9367A /* UI */ = {
			isa = PBXGroup;
			children = (
				AE54E5862833D27B00F9367A /* UsersVC */,
				AEC75C4D2833BD2300F0A7CF /* UserCell */,
			);
			path = UI;
			sourceTree = "<group>";
		};
		AE54E5882833D2A900F9367A /* Presentation */ = {
			isa = PBXGroup;
			children = (
				AE54E5822833D1B600F9367A /* UsersPresenter.swift */,
			);
			path = Presentation;
			sourceTree = "<group>";
		};
		AE54E5892833D47800F9367A /* API */ = {
			isa = PBXGroup;
			children = (
				AE54E58A2833D4F200F9367A /* RemoteUsersInteractor.swift */,
			);
			path = API;
			sourceTree = "<group>";
		};
		AE54E58C2833D57500F9367A /* Domain */ = {
			isa = PBXGroup;
			children = (
				AE54E5842833D23700F9367A /* UserItem.swift */,
				AEA0DEA628340A1B00BF6016 /* UsersInteractor.swift */,
			);
			path = Domain;
			sourceTree = "<group>";
		};
		AE54E5902833DF6C00F9367A /* API Infra */ = {
			isa = PBXGroup;
			children = (
				AE54E5912833DF8D00F9367A /* URLSessionHTTPClient.swift */,
			);
			path = "API Infra";
			sourceTree = "<group>";
		};
		AE54E5932833EA4000F9367A /* Shared Module */ = {
			isa = PBXGroup;
			children = (
				AE0AF58B2834673D0081871B /* Cache */,
				AEA0DEAB28340C7000BF6016 /* UI */,
				AEA0DEA828340BA000BF6016 /* Presentation */,
				AE54E5952833EA7800F9367A /* API */,
				AE54E5902833DF6C00F9367A /* API Infra */,
				AE0AF5812834595E0081871B /* Cache Infra */,
			);
			path = "Shared Module";
			sourceTree = "<group>";
		};
		AE54E5952833EA7800F9367A /* API */ = {
			isa = PBXGroup;
			children = (
				AE54E5962833EA8700F9367A /* HTTPClient.swift */,
			);
			path = API;
			sourceTree = "<group>";
		};
		AEA0DEA828340BA000BF6016 /* Presentation */ = {
			isa = PBXGroup;
			children = (
				AEA0DEA928340BCE00BF6016 /* ResponseHanlders.swift */,
			);
			path = Presentation;
			sourceTree = "<group>";
		};
		AEA0DEAB28340C7000BF6016 /* UI */ = {
			isa = PBXGroup;
			children = (
				AE54E58E2833DDDC00F9367A /* UIViewController+Helpers.swift */,
			);
			path = UI;
			sourceTree = "<group>";
		};
		AEA0DEAD2834172600BF6016 /* Tasks Module */ = {
			isa = PBXGroup;
			children = (
				AEA0DEC428341FEF00BF6016 /* TasksUIComposer.swift */,
				AE0AF586283466CA0081871B /* Cache */,
				AEA0DEAE2834175800BF6016 /* Domain */,
				AEA0DEB32834180C00BF6016 /* API */,
				AEA0DEB6283418F300BF6016 /* Presentation */,
				AEA0DEB92834195B00BF6016 /* UI */,
			);
			path = "Tasks Module";
			sourceTree = "<group>";
		};
		AEA0DEAE2834175800BF6016 /* Domain */ = {
			isa = PBXGroup;
			children = (
				AEA0DEAF2834177600BF6016 /* TaskItem.swift */,
				AEA0DEB1283417D900BF6016 /* TasksInteractor.swift */,
			);
			path = Domain;
			sourceTree = "<group>";
		};
		AEA0DEB32834180C00BF6016 /* API */ = {
			isa = PBXGroup;
			children = (
				AEA0DEB42834181C00BF6016 /* RemoteTasksInteractor.swift */,
			);
			path = API;
			sourceTree = "<group>";
		};
		AEA0DEB6283418F300BF6016 /* Presentation */ = {
			isa = PBXGroup;
			children = (
				AEA0DEB72834191100BF6016 /* TasksPresenter.swift */,
			);
			path = Presentation;
			sourceTree = "<group>";
		};
		AEA0DEB92834195B00BF6016 /* UI */ = {
			isa = PBXGroup;
			children = (
				AEA0DEBA2834196200BF6016 /* TasksVC */,
				AEA0DEBF28341B4500BF6016 /* TaskCell */,
			);
			path = UI;
			sourceTree = "<group>";
		};
		AEA0DEBA2834196200BF6016 /* TasksVC */ = {
			isa = PBXGroup;
			children = (
				AEA0DEBB283419AF00BF6016 /* TasksVC.swift */,
				AEA0DEBC283419AF00BF6016 /* TasksVC.xib */,
			);
			path = TasksVC;
			sourceTree = "<group>";
		};
		AEA0DEBF28341B4500BF6016 /* TaskCell */ = {
			isa = PBXGroup;
			children = (
				AEA0DEC028341B6200BF6016 /* TaskCell.swift */,
				AEA0DEC128341B6200BF6016 /* TaskCell.xib */,
			);
			path = TaskCell;
			sourceTree = "<group>";
		};
		AEC75C272833AD5700F0A7CF = {
			isa = PBXGroup;
			children = (
				AEC75C322833AD5700F0A7CF /* MAExam */,
				AE0AF593283533C60081871B /* AcceptanceTests */,
				AEC75C312833AD5700F0A7CF /* Products */,
			);
			sourceTree = "<group>";
		};
		AEC75C312833AD5700F0A7CF /* Products */ = {
			isa = PBXGroup;
			children = (
				AEC75C302833AD5700F0A7CF /* MAExam.app */,
				AE0AF592283533C60081871B /* AcceptanceTests.xctest */,
			);
			name = Products;
			sourceTree = "<group>";
		};
		AEC75C322833AD5700F0A7CF /* MAExam */ = {
			isa = PBXGroup;
			children = (
				AEC75C332833AD5700F0A7CF /* AppDelegate.swift */,
				AEC75C352833AD5700F0A7CF /* SceneDelegate.swift */,
				AE54E5932833EA4000F9367A /* Shared Module */,
				AEC75C482833AE3200F0A7CF /* Users Module */,
				AEA0DEAD2834172600BF6016 /* Tasks Module */,
				AEC75C3C2833AD5900F0A7CF /* Assets.xcassets */,
				AEC75C3E2833AD5900F0A7CF /* LaunchScreen.storyboard */,
				AEC75C412833AD5900F0A7CF /* Info.plist */,
			);
			path = MAExam;
			sourceTree = "<group>";
		};
		AEC75C482833AE3200F0A7CF /* Users Module */ = {
			isa = PBXGroup;
			children = (
				AE54E5802833CF9F00F9367A /* UsersUIComposer.swift */,
				AE54E58C2833D57500F9367A /* Domain */,
				AE54E5892833D47800F9367A /* API */,
				AE0AF57E28344D250081871B /* Cache */,
				AE54E5882833D2A900F9367A /* Presentation */,
				AE54E5872833D2A100F9367A /* UI */,
			);
			path = "Users Module";
			sourceTree = "<group>";
		};
		AEC75C4D2833BD2300F0A7CF /* UserCell */ = {
			isa = PBXGroup;
			children = (
				AEC75C4E2833BD6B00F0A7CF /* UserCell.swift */,
				AEC75C4F2833BD6B00F0A7CF /* UserCell.xib */,
			);
			path = UserCell;
			sourceTree = "<group>";
		};
/* End PBXGroup section */

/* Begin PBXNativeTarget section */
		AE0AF591283533C60081871B /* AcceptanceTests */ = {
			isa = PBXNativeTarget;
			buildConfigurationList = AE0AF59A283533C60081871B /* Build configuration list for PBXNativeTarget "AcceptanceTests" */;
			buildPhases = (
				AE0AF58E283533C60081871B /* Sources */,
				AE0AF58F283533C60081871B /* Frameworks */,
				AE0AF590283533C60081871B /* Resources */,
			);
			buildRules = (
			);
			dependencies = (
				AE0AF597283533C60081871B /* PBXTargetDependency */,
			);
			name = AcceptanceTests;
			productName = AcceptanceTests;
			productReference = AE0AF592283533C60081871B /* AcceptanceTests.xctest */;
			productType = "com.apple.product-type.bundle.unit-test";
		};
		AEC75C2F2833AD5700F0A7CF /* MAExam */ = {
			isa = PBXNativeTarget;
			buildConfigurationList = AEC75C442833AD5900F0A7CF /* Build configuration list for PBXNativeTarget "MAExam" */;
			buildPhases = (
				AEC75C2C2833AD5700F0A7CF /* Sources */,
				AEC75C2D2833AD5700F0A7CF /* Frameworks */,
				AEC75C2E2833AD5700F0A7CF /* Resources */,
			);
			buildRules = (
			);
			dependencies = (
			);
			name = MAExam;
			productName = MAExam;
			productReference = AEC75C302833AD5700F0A7CF /* MAExam.app */;
			productType = "com.apple.product-type.application";
		};
/* End PBXNativeTarget section */

/* Begin PBXProject section */
		AEC75C282833AD5700F0A7CF /* Project object */ = {
			isa = PBXProject;
			attributes = {
				BuildIndependentTargetsInParallel = 1;
				LastSwiftUpdateCheck = 1340;
				LastUpgradeCheck = 1330;
				TargetAttributes = {
					AE0AF591283533C60081871B = {
						CreatedOnToolsVersion = 13.4;
						TestTargetID = AEC75C2F2833AD5700F0A7CF;
					};
					AEC75C2F2833AD5700F0A7CF = {
						CreatedOnToolsVersion = 13.3.1;
					};
				};
			};
			buildConfigurationList = AEC75C2B2833AD5700F0A7CF /* Build configuration list for PBXProject "MAExam" */;
			compatibilityVersion = "Xcode 13.0";
			developmentRegion = en;
			hasScannedForEncodings = 0;
			knownRegions = (
				en,
				Base,
			);
			mainGroup = AEC75C272833AD5700F0A7CF;
			productRefGroup = AEC75C312833AD5700F0A7CF /* Products */;
			projectDirPath = "";
			projectRoot = "";
			targets = (
				AEC75C2F2833AD5700F0A7CF /* MAExam */,
				AE0AF591283533C60081871B /* AcceptanceTests */,
			);
		};
/* End PBXProject section */

/* Begin PBXResourcesBuildPhase section */
		AE0AF590283533C60081871B /* Resources */ = {
			isa = PBXResourcesBuildPhase;
			buildActionMask = 2147483647;
			files = (
			);
			runOnlyForDeploymentPostprocessing = 0;
		};
		AEC75C2E2833AD5700F0A7CF /* Resources */ = {
			isa = PBXResourcesBuildPhase;
			buildActionMask = 2147483647;
			files = (
				AEC75C512833BD6B00F0A7CF /* UserCell.xib in Resources */,
				AEC75C402833AD5900F0A7CF /* LaunchScreen.storyboard in Resources */,
				AEA0DEBE283419AF00BF6016 /* TasksVC.xib in Resources */,
				AEC75C3D2833AD5900F0A7CF /* Assets.xcassets in Resources */,
				AEA0DEC328341B6200BF6016 /* TaskCell.xib in Resources */,
				AEC75C4C2833AE4400F0A7CF /* UsersVC.xib in Resources */,
			);
			runOnlyForDeploymentPostprocessing = 0;
		};
/* End PBXResourcesBuildPhase section */

/* Begin PBXSourcesBuildPhase section */
		AE0AF58E283533C60081871B /* Sources */ = {
			isa = PBXSourcesBuildPhase;
			buildActionMask = 2147483647;
			files = (
				AE0AF59F2835378E0081871B /* CacheStoreStub.swift in Sources */,
				AE0AF59D283536B10081871B /* HTTPClientStub.swift in Sources */,
				AE0AF595283533C60081871B /* AcceptanceTests.swift in Sources */,
			);
			runOnlyForDeploymentPostprocessing = 0;
		};
		AEC75C2C2833AD5700F0A7CF /* Sources */ = {
			isa = PBXSourcesBuildPhase;
			buildActionMask = 2147483647;
			files = (
				AEA0DEC528341FEF00BF6016 /* TasksUIComposer.swift in Sources */,
				AEA0DEAA28340BCE00BF6016 /* ResponseHanlders.swift in Sources */,
				AEA0DEB82834191100BF6016 /* TasksPresenter.swift in Sources */,
				AEA0DEC228341B6200BF6016 /* TaskCell.swift in Sources */,
				AE54E5812833CF9F00F9367A /* UsersUIComposer.swift in Sources */,
				AEA0DEA728340A1B00BF6016 /* UsersInteractor.swift in Sources */,
				AEA0DEB52834181C00BF6016 /* RemoteTasksInteractor.swift in Sources */,
				AE54E5922833DF8D00F9367A /* URLSessionHTTPClient.swift in Sources */,
				AEC75C502833BD6B00F0A7CF /* UserCell.swift in Sources */,
				AE0AF5832834597A0081871B /* NSCacheStore.swift in Sources */,
				AEC75C342833AD5700F0A7CF /* AppDelegate.swift in Sources */,
				AEA0DEB2283417D900BF6016 /* TasksInteractor.swift in Sources */,
				AEC75C362833AD5700F0A7CF /* SceneDelegate.swift in Sources */,
				AE54E58F2833DDDC00F9367A /* UIViewController+Helpers.swift in Sources */,
				AE0AF58D2834674A0081871B /* CacheStore.swift in Sources */,
				AE54E5972833EA8700F9367A /* HTTPClient.swift in Sources */,
				AE0AF585283465C80081871B /* LocalUsersInteractor+Helpers.swift in Sources */,
				AEC75C4B2833AE4400F0A7CF /* UsersVC.swift in Sources */,
				AE54E5852833D23700F9367A /* UserItem.swift in Sources */,
				AE54E5832833D1B600F9367A /* UsersPresenter.swift in Sources */,
				AE54E58B2833D4F200F9367A /* RemoteUsersInteractor.swift in Sources */,
				AEA0DEB02834177600BF6016 /* TaskItem.swift in Sources */,
				AE0AF58A283467190081871B /* LocalTasksInteractor+Helpers.swift in Sources */,
				AE0AF588283466D90081871B /* LocalTasksInteractor.swift in Sources */,
				AE0AF58028344E870081871B /* LocalUsersInteractor.swift in Sources */,
				AEA0DEBD283419AF00BF6016 /* TasksVC.swift in Sources */,
			);
			runOnlyForDeploymentPostprocessing = 0;
		};
/* End PBXSourcesBuildPhase section */

/* Begin PBXTargetDependency section */
		AE0AF597283533C60081871B /* PBXTargetDependency */ = {
			isa = PBXTargetDependency;
			target = AEC75C2F2833AD5700F0A7CF /* MAExam */;
			targetProxy = AE0AF596283533C60081871B /* PBXContainerItemProxy */;
		};
/* End PBXTargetDependency section */

/* Begin PBXVariantGroup section */
		AEC75C3E2833AD5900F0A7CF /* LaunchScreen.storyboard */ = {
			isa = PBXVariantGroup;
			children = (
				AEC75C3F2833AD5900F0A7CF /* Base */,
			);
			name = LaunchScreen.storyboard;
			sourceTree = "<group>";
		};
/* End PBXVariantGroup section */

/* Begin XCBuildConfiguration section */
		AE0AF598283533C60081871B /* Debug */ = {
			isa = XCBuildConfiguration;
			buildSettings = {
				BUNDLE_LOADER = "$(TEST_HOST)";
				CODE_SIGN_STYLE = Automatic;
				CURRENT_PROJECT_VERSION = 1;
				DEVELOPMENT_TEAM = TPDK6QQN6A;
				GENERATE_INFOPLIST_FILE = YES;
				IPHONEOS_DEPLOYMENT_TARGET = 15.5;
				MARKETING_VERSION = 1.0;
				PRODUCT_BUNDLE_IDENTIFIER = com.test.AcceptanceTests;
				PRODUCT_NAME = "$(TARGET_NAME)";
				SWIFT_EMIT_LOC_STRINGS = NO;
				SWIFT_VERSION = 5.0;
				TARGETED_DEVICE_FAMILY = "1,2";
				TEST_HOST = "$(BUILT_PRODUCTS_DIR)/MAExam.app/MAExam";
			};
			name = Debug;
		};
		AE0AF599283533C60081871B /* Release */ = {
			isa = XCBuildConfiguration;
			buildSettings = {
				BUNDLE_LOADER = "$(TEST_HOST)";
				CODE_SIGN_STYLE = Automatic;
				CURRENT_PROJECT_VERSION = 1;
				DEVELOPMENT_TEAM = TPDK6QQN6A;
				GENERATE_INFOPLIST_FILE = YES;
				IPHONEOS_DEPLOYMENT_TARGET = 15.5;
				MARKETING_VERSION = 1.0;
				PRODUCT_BUNDLE_IDENTIFIER = com.test.AcceptanceTests;
				PRODUCT_NAME = "$(TARGET_NAME)";
				SWIFT_EMIT_LOC_STRINGS = NO;
				SWIFT_VERSION = 5.0;
				TARGETED_DEVICE_FAMILY = "1,2";
				TEST_HOST = "$(BUILT_PRODUCTS_DIR)/MAExam.app/MAExam";
			};
			name = Release;
		};
		AEC75C422833AD5900F0A7CF /* Debug */ = {
			isa = XCBuildConfiguration;
			buildSettings = {
				ALWAYS_SEARCH_USER_PATHS = NO;
				CLANG_ANALYZER_NONNULL = YES;
				CLANG_ANALYZER_NUMBER_OBJECT_CONVERSION = YES_AGGRESSIVE;
				CLANG_CXX_LANGUAGE_STANDARD = "gnu++17";
				CLANG_ENABLE_MODULES = YES;
				CLANG_ENABLE_OBJC_ARC = YES;
				CLANG_ENABLE_OBJC_WEAK = YES;
				CLANG_WARN_BLOCK_CAPTURE_AUTORELEASING = YES;
				CLANG_WARN_BOOL_CONVERSION = YES;
				CLANG_WARN_COMMA = YES;
				CLANG_WARN_CONSTANT_CONVERSION = YES;
				CLANG_WARN_DEPRECATED_OBJC_IMPLEMENTATIONS = YES;
				CLANG_WARN_DIRECT_OBJC_ISA_USAGE = YES_ERROR;
				CLANG_WARN_DOCUMENTATION_COMMENTS = YES;
				CLANG_WARN_EMPTY_BODY = YES;
				CLANG_WARN_ENUM_CONVERSION = YES;
				CLANG_WARN_INFINITE_RECURSION = YES;
				CLANG_WARN_INT_CONVERSION = YES;
				CLANG_WARN_NON_LITERAL_NULL_CONVERSION = YES;
				CLANG_WARN_OBJC_IMPLICIT_RETAIN_SELF = YES;
				CLANG_WARN_OBJC_LITERAL_CONVERSION = YES;
				CLANG_WARN_OBJC_ROOT_CLASS = YES_ERROR;
				CLANG_WARN_QUOTED_INCLUDE_IN_FRAMEWORK_HEADER = YES;
				CLANG_WARN_RANGE_LOOP_ANALYSIS = YES;
				CLANG_WARN_STRICT_PROTOTYPES = YES;
				CLANG_WARN_SUSPICIOUS_MOVE = YES;
				CLANG_WARN_UNGUARDED_AVAILABILITY = YES_AGGRESSIVE;
				CLANG_WARN_UNREACHABLE_CODE = YES;
				CLANG_WARN__DUPLICATE_METHOD_MATCH = YES;
				COPY_PHASE_STRIP = NO;
				DEBUG_INFORMATION_FORMAT = dwarf;
				ENABLE_STRICT_OBJC_MSGSEND = YES;
				ENABLE_TESTABILITY = YES;
				GCC_C_LANGUAGE_STANDARD = gnu11;
				GCC_DYNAMIC_NO_PIC = NO;
				GCC_NO_COMMON_BLOCKS = YES;
				GCC_OPTIMIZATION_LEVEL = 0;
				GCC_PREPROCESSOR_DEFINITIONS = (
					"DEBUG=1",
					"$(inherited)",
				);
				GCC_WARN_64_TO_32_BIT_CONVERSION = YES;
				GCC_WARN_ABOUT_RETURN_TYPE = YES_ERROR;
				GCC_WARN_UNDECLARED_SELECTOR = YES;
				GCC_WARN_UNINITIALIZED_AUTOS = YES_AGGRESSIVE;
				GCC_WARN_UNUSED_FUNCTION = YES;
				GCC_WARN_UNUSED_VARIABLE = YES;
				IPHONEOS_DEPLOYMENT_TARGET = 15.4;
				MTL_ENABLE_DEBUG_INFO = INCLUDE_SOURCE;
				MTL_FAST_MATH = YES;
				ONLY_ACTIVE_ARCH = YES;
				SDKROOT = iphoneos;
				SWIFT_ACTIVE_COMPILATION_CONDITIONS = DEBUG;
				SWIFT_OPTIMIZATION_LEVEL = "-Onone";
			};
			name = Debug;
		};
		AEC75C432833AD5900F0A7CF /* Release */ = {
			isa = XCBuildConfiguration;
			buildSettings = {
				ALWAYS_SEARCH_USER_PATHS = NO;
				CLANG_ANALYZER_NONNULL = YES;
				CLANG_ANALYZER_NUMBER_OBJECT_CONVERSION = YES_AGGRESSIVE;
				CLANG_CXX_LANGUAGE_STANDARD = "gnu++17";
				CLANG_ENABLE_MODULES = YES;
				CLANG_ENABLE_OBJC_ARC = YES;
				CLANG_ENABLE_OBJC_WEAK = YES;
				CLANG_WARN_BLOCK_CAPTURE_AUTORELEASING = YES;
				CLANG_WARN_BOOL_CONVERSION = YES;
				CLANG_WARN_COMMA = YES;
				CLANG_WARN_CONSTANT_CONVERSION = YES;
				CLANG_WARN_DEPRECATED_OBJC_IMPLEMENTATIONS = YES;
				CLANG_WARN_DIRECT_OBJC_ISA_USAGE = YES_ERROR;
				CLANG_WARN_DOCUMENTATION_COMMENTS = YES;
				CLANG_WARN_EMPTY_BODY = YES;
				CLANG_WARN_ENUM_CONVERSION = YES;
				CLANG_WARN_INFINITE_RECURSION = YES;
				CLANG_WARN_INT_CONVERSION = YES;
				CLANG_WARN_NON_LITERAL_NULL_CONVERSION = YES;
				CLANG_WARN_OBJC_IMPLICIT_RETAIN_SELF = YES;
				CLANG_WARN_OBJC_LITERAL_CONVERSION = YES;
				CLANG_WARN_OBJC_ROOT_CLASS = YES_ERROR;
				CLANG_WARN_QUOTED_INCLUDE_IN_FRAMEWORK_HEADER = YES;
				CLANG_WARN_RANGE_LOOP_ANALYSIS = YES;
				CLANG_WARN_STRICT_PROTOTYPES = YES;
				CLANG_WARN_SUSPICIOUS_MOVE = YES;
				CLANG_WARN_UNGUARDED_AVAILABILITY = YES_AGGRESSIVE;
				CLANG_WARN_UNREACHABLE_CODE = YES;
				CLANG_WARN__DUPLICATE_METHOD_MATCH = YES;
				COPY_PHASE_STRIP = NO;
				DEBUG_INFORMATION_FORMAT = "dwarf-with-dsym";
				ENABLE_NS_ASSERTIONS = NO;
				ENABLE_STRICT_OBJC_MSGSEND = YES;
				GCC_C_LANGUAGE_STANDARD = gnu11;
				GCC_NO_COMMON_BLOCKS = YES;
				GCC_WARN_64_TO_32_BIT_CONVERSION = YES;
				GCC_WARN_ABOUT_RETURN_TYPE = YES_ERROR;
				GCC_WARN_UNDECLARED_SELECTOR = YES;
				GCC_WARN_UNINITIALIZED_AUTOS = YES_AGGRESSIVE;
				GCC_WARN_UNUSED_FUNCTION = YES;
				GCC_WARN_UNUSED_VARIABLE = YES;
				IPHONEOS_DEPLOYMENT_TARGET = 15.4;
				MTL_ENABLE_DEBUG_INFO = NO;
				MTL_FAST_MATH = YES;
				SDKROOT = iphoneos;
				SWIFT_COMPILATION_MODE = wholemodule;
				SWIFT_OPTIMIZATION_LEVEL = "-O";
				VALIDATE_PRODUCT = YES;
			};
			name = Release;
		};
		AEC75C452833AD5900F0A7CF /* Debug */ = {
			isa = XCBuildConfiguration;
			buildSettings = {
				ASSETCATALOG_COMPILER_APPICON_NAME = AppIcon;
				ASSETCATALOG_COMPILER_GLOBAL_ACCENT_COLOR_NAME = AccentColor;
				CODE_SIGN_STYLE = Automatic;
				CURRENT_PROJECT_VERSION = 1;
				DEVELOPMENT_TEAM = TPDK6QQN6A;
				GENERATE_INFOPLIST_FILE = YES;
				INFOPLIST_FILE = MAExam/Info.plist;
				INFOPLIST_KEY_UIApplicationSupportsIndirectInputEvents = YES;
				INFOPLIST_KEY_UILaunchStoryboardName = LaunchScreen;
				INFOPLIST_KEY_UIMainStoryboardFile = "";
				INFOPLIST_KEY_UISupportedInterfaceOrientations_iPad = "UIInterfaceOrientationPortrait UIInterfaceOrientationPortraitUpsideDown UIInterfaceOrientationLandscapeLeft UIInterfaceOrientationLandscapeRight";
				INFOPLIST_KEY_UISupportedInterfaceOrientations_iPhone = "UIInterfaceOrientationPortrait UIInterfaceOrientationLandscapeLeft UIInterfaceOrientationLandscapeRight";
				LD_RUNPATH_SEARCH_PATHS = (
					"$(inherited)",
					"@executable_path/Frameworks",
				);
				MARKETING_VERSION = 1.0;
				PRODUCT_BUNDLE_IDENTIFIER = com.test.MAExam;
				PRODUCT_NAME = "$(TARGET_NAME)";
				SWIFT_EMIT_LOC_STRINGS = YES;
				SWIFT_VERSION = 5.0;
				TARGETED_DEVICE_FAMILY = "1,2";
			};
			name = Debug;
		};
		AEC75C462833AD5900F0A7CF /* Release */ = {
			isa = XCBuildConfiguration;
			buildSettings = {
				ASSETCATALOG_COMPILER_APPICON_NAME = AppIcon;
				ASSETCATALOG_COMPILER_GLOBAL_ACCENT_COLOR_NAME = AccentColor;
				CODE_SIGN_STYLE = Automatic;
				CURRENT_PROJECT_VERSION = 1;
				DEVELOPMENT_TEAM = TPDK6QQN6A;
				GENERATE_INFOPLIST_FILE = YES;
				INFOPLIST_FILE = MAExam/Info.plist;
				INFOPLIST_KEY_UIApplicationSupportsIndirectInputEvents = YES;
				INFOPLIST_KEY_UILaunchStoryboardName = LaunchScreen;
				INFOPLIST_KEY_UIMainStoryboardFile = "";
				INFOPLIST_KEY_UISupportedInterfaceOrientations_iPad = "UIInterfaceOrientationPortrait UIInterfaceOrientationPortraitUpsideDown UIInterfaceOrientationLandscapeLeft UIInterfaceOrientationLandscapeRight";
				INFOPLIST_KEY_UISupportedInterfaceOrientations_iPhone = "UIInterfaceOrientationPortrait UIInterfaceOrientationLandscapeLeft UIInterfaceOrientationLandscapeRight";
				LD_RUNPATH_SEARCH_PATHS = (
					"$(inherited)",
					"@executable_path/Frameworks",
				);
				MARKETING_VERSION = 1.0;
				PRODUCT_BUNDLE_IDENTIFIER = com.test.MAExam;
				PRODUCT_NAME = "$(TARGET_NAME)";
				SWIFT_EMIT_LOC_STRINGS = YES;
				SWIFT_VERSION = 5.0;
				TARGETED_DEVICE_FAMILY = "1,2";
			};
			name = Release;
		};
/* End XCBuildConfiguration section */

/* Begin XCConfigurationList section */
		AE0AF59A283533C60081871B /* Build configuration list for PBXNativeTarget "AcceptanceTests" */ = {
			isa = XCConfigurationList;
			buildConfigurations = (
				AE0AF598283533C60081871B /* Debug */,
				AE0AF599283533C60081871B /* Release */,
			);
			defaultConfigurationIsVisible = 0;
			defaultConfigurationName = Release;
		};
		AEC75C2B2833AD5700F0A7CF /* Build configuration list for PBXProject "MAExam" */ = {
			isa = XCConfigurationList;
			buildConfigurations = (
				AEC75C422833AD5900F0A7CF /* Debug */,
				AEC75C432833AD5900F0A7CF /* Release */,
			);
			defaultConfigurationIsVisible = 0;
			defaultConfigurationName = Release;
		};
		AEC75C442833AD5900F0A7CF /* Build configuration list for PBXNativeTarget "MAExam" */ = {
			isa = XCConfigurationList;
			buildConfigurations = (
				AEC75C452833AD5900F0A7CF /* Debug */,
				AEC75C462833AD5900F0A7CF /* Release */,
			);
			defaultConfigurationIsVisible = 0;
			defaultConfigurationName = Release;
		};
/* End XCConfigurationList section */
	};
	rootObject = AEC75C282833AD5700F0A7CF /* Project object */;
}
